
Microsoft Visual Studio Solution File, Format Version 12.00
# Visual Studio 15
VisualStudioVersion = 15.0.26124.0
MinimumVisualStudioVersion = 15.0.26124.0
Project("{FAE04EC0-301F-11D3-BF4B-00C04F79EFBC}") = "R5T.Araria.Construction", "R5T.Araria.Construction\R5T.Araria.Construction.csproj", "{59BE482D-28B8-49A5-B83B-369A65A63ACC}"
EndProject
Project("{FAE04EC0-301F-11D3-BF4B-00C04F79EFBC}") = "R5T.Araria", "R5T.Araria\R5T.Araria.csproj", "{2C52ACAE-D0F2-4F6C-83B9-B643E7F2FDD9}"
EndProject
Project("{FAE04EC0-301F-11D3-BF4B-00C04F79EFBC}") = "R5T.Araria.Testing", "R5T.Araria.Testing\R5T.Araria.Testing.csproj", "{C3D6F027-6898-4661-BD9A-0902826E0DAE}"
EndProject
Global
	GlobalSection(SolutionConfigurationPlatforms) = preSolution
		Debug|Any CPU = Debug|Any CPU
		Debug|x64 = Debug|x64
		Debug|x86 = Debug|x86
		Release|Any CPU = Release|Any CPU
		Release|x64 = Release|x64
		Release|x86 = Release|x86
	EndGlobalSection
	GlobalSection(SolutionProperties) = preSolution
		HideSolutionNode = FALSE
	EndGlobalSection
	GlobalSection(ProjectConfigurationPlatforms) = postSolution
		{59BE482D-28B8-49A5-B83B-369A65A63ACC}.Debug|Any CPU.ActiveCfg = Debug|Any CPU
		{59BE482D-28B8-49A5-B83B-369A65A63ACC}.Debug|Any CPU.Build.0 = Debug|Any CPU
		{59BE482D-28B8-49A5-B83B-369A65A63ACC}.Debug|x64.ActiveCfg = Debug|Any CPU
		{59BE482D-28B8-49A5-B83B-369A65A63ACC}.Debug|x64.Build.0 = Debug|Any CPU
		{59BE482D-28B8-49A5-B83B-369A65A63ACC}.Debug|x86.ActiveCfg = Debug|Any CPU
		{59BE482D-28B8-49A5-B83B-369A65A63ACC}.Debug|x86.Build.0 = Debug|Any CPU
		{59BE482D-28B8-49A5-B83B-369A65A63ACC}.Release|Any CPU.ActiveCfg = Release|Any CPU
		{59BE482D-28B8-49A5-B83B-369A65A63ACC}.Release|Any CPU.Build.0 = Release|Any CPU
		{59BE482D-28B8-49A5-B83B-369A65A63ACC}.Release|x64.ActiveCfg = Release|Any CPU
		{59BE482D-28B8-49A5-B83B-369A65A63ACC}.Release|x64.Build.0 = Release|Any CPU
		{59BE482D-28B8-49A5-B83B-369A65A63ACC}.Release|x86.ActiveCfg = Release|Any CPU
		{59BE482D-28B8-49A5-B83B-369A65A63ACC}.Release|x86.Build.0 = Release|Any CPU
		{2C52ACAE-D0F2-4F6C-83B9-B643E7F2FDD9}.Debug|Any CPU.ActiveCfg = Debug|Any CPU
		{2C52ACAE-D0F2-4F6C-83B9-B643E7F2FDD9}.Debug|Any CPU.Build.0 = Debug|Any CPU
		{2C52ACAE-D0F2-4F6C-83B9-B643E7F2FDD9}.Debug|x64.ActiveCfg = Debug|Any CPU
		{2C52ACAE-D0F2-4F6C-83B9-B643E7F2FDD9}.Debug|x64.Build.0 = Debug|Any CPU
		{2C52ACAE-D0F2-4F6C-83B9-B643E7F2FDD9}.Debug|x86.ActiveCfg = Debug|Any CPU
		{2C52ACAE-D0F2-4F6C-83B9-B643E7F2FDD9}.Debug|x86.Build.0 = Debug|Any CPU
		{2C52ACAE-D0F2-4F6C-83B9-B643E7F2FDD9}.Release|Any CPU.ActiveCfg = Release|Any CPU
		{2C52ACAE-D0F2-4F6C-83B9-B643E7F2FDD9}.Release|Any CPU.Build.0 = Release|Any CPU
		{2C52ACAE-D0F2-4F6C-83B9-B643E7F2FDD9}.Release|x64.ActiveCfg = Release|Any CPU
		{2C52ACAE-D0F2-4F6C-83B9-B643E7F2FDD9}.Release|x64.Build.0 = Release|Any CPU
		{2C52ACAE-D0F2-4F6C-83B9-B643E7F2FDD9}.Release|x86.ActiveCfg = Release|Any CPU
		{2C52ACAE-D0F2-4F6C-83B9-B643E7F2FDD9}.Release|x86.Build.0 = Release|Any CPU
		{C3D6F027-6898-4661-BD9A-0902826E0DAE}.Debug|Any CPU.ActiveCfg = Debug|Any CPU
		{C3D6F027-6898-4661-BD9A-0902826E0DAE}.Debug|Any CPU.Build.0 = Debug|Any CPU
		{C3D6F027-6898-4661-BD9A-0902826E0DAE}.Debug|x64.ActiveCfg = Debug|Any CPU
		{C3D6F027-6898-4661-BD9A-0902826E0DAE}.Debug|x64.Build.0 = Debug|Any CPU
		{C3D6F027-6898-4661-BD9A-0902826E0DAE}.Debug|x86.ActiveCfg = Debug|Any CPU
		{C3D6F027-6898-4661-BD9A-0902826E0DAE}.Debug|x86.Build.0 = Debug|Any CPU
		{C3D6F027-6898-4661-BD9A-0902826E0DAE}.Release|Any CPU.ActiveCfg = Release|Any CPU
		{C3D6F027-6898-4661-BD9A-0902826E0DAE}.Release|Any CPU.Build.0 = Release|Any CPU
		{C3D6F027-6898-4661-BD9A-0902826E0DAE}.Release|x64.ActiveCfg = Release|Any CPU
		{C3D6F027-6898-4661-BD9A-0902826E0DAE}.Release|x64.Build.0 = Release|Any CPU
		{C3D6F027-6898-4661-BD9A-0902826E0DAE}.Release|x86.ActiveCfg = Release|Any CPU
		{C3D6F027-6898-4661-BD9A-0902826E0DAE}.Release|x86.Build.0 = Release|Any CPU
	EndGlobalSection
EndGlobal
